
Microsoft Visual Studio Solution File, Format Version 12.00
# Visual Studio Version 17
VisualStudioVersion = 17.0.31903.59
MinimumVisualStudioVersion = 10.0.40219.1
Project("{2150E333-8FDC-42A3-9474-1A3956D46DE8}") = "source", "source", "{F6628CD5-76FB-42A9-8C48-13ECBDAB648B}"
EndProject
Project("{2150E333-8FDC-42A3-9474-1A3956D46DE8}") = "Infrastructure", "Infrastructure", "{E4AED003-7D40-4738-80B0-B1BF176B1635}"
EndProject
Project("{9A19103F-16F7-4668-BE54-9A1E7A4F7556}") = "Delirio.Infrastructure", "source\Infrastructure\Delirio.Infrastructure\Delirio.Infrastructure.csproj", "{E83E1430-78C8-459C-B8CE-2AF02E7E7681}"
EndProject
Project("{2150E333-8FDC-42A3-9474-1A3956D46DE8}") = "test", "test", "{C1A333F1-50CC-4807-9156-18A44B9C92B7}"
EndProject
Project("{9A19103F-16F7-4668-BE54-9A1E7A4F7556}") = "Delirio.Infrastructure.Tests", "test\Delirio.Infrastructure.Tests\Delirio.Infrastructure.Tests.csproj", "{0BE3628B-2F38-4813-B5C0-B001A352DBC0}"
EndProject
Project("{2150E333-8FDC-42A3-9474-1A3956D46DE8}") = "Modules", "Modules", "{EA63496D-3BAB-498A-AFF3-908D2656ADA7}"
EndProject
Project("{2150E333-8FDC-42A3-9474-1A3956D46DE8}") = "EmailCore", "EmailCore", "{ACEBE9B2-F439-4A23-85CE-55FE5279EADB}"
EndProject
Project("{9A19103F-16F7-4668-BE54-9A1E7A4F7556}") = "Delirio.Modules.Application", "source\Modules\EmailCore\Delirio.Modules.Application\Delirio.Modules.Application.csproj", "{62C9E0F3-3A1F-4AF3-8A40-C443F4CA5418}"
EndProject
Project("{9A19103F-16F7-4668-BE54-9A1E7A4F7556}") = "Delirio.Modules.Domain", "source\Modules\Delirio.Modules.Domain\Delirio.Modules.Domain.csproj", "{0819D970-A4D8-4C8F-96C3-093F22EF488C}"
EndProject
Project("{9A19103F-16F7-4668-BE54-9A1E7A4F7556}") = "Delirio.Infrastructure.CrossCutting", "source\Infrastructure\Delirio.Infrastructure.CrossCutting\Delirio.Infrastructure.CrossCutting.csproj", "{917B1FE1-9C25-430A-BF90-E9F1EFABCB5A}"
EndProject
Project("{2150E333-8FDC-42A3-9474-1A3956D46DE8}") = "API", "API", "{1940385D-FC34-45CA-928A-903CB8186DFC}"
EndProject
Project("{9A19103F-16F7-4668-BE54-9A1E7A4F7556}") = "Delirio.Services.Email.API", "source\API\Delirio.Services.Email.API\Delirio.Services.Email.API.csproj", "{C4258E6B-485A-4B89-87B3-EB6F9E1CFAE7}"
EndProject
Project("{FAE04EC0-301F-11D3-BF4B-00C04F79EFBC}") = "Delirio.Modules.Domain.Tests", "test\Delirio.Modules.Domain.Tests\Delirio.Modules.Domain.Tests.csproj", "{2645DADA-11F4-4161-9786-8A57EFFBDE0B}"
EndProject
Project("{FAE04EC0-301F-11D3-BF4B-00C04F79EFBC}") = "Delirio.Infrastructure.CrossCutting.Tests", "test\Delirio.Infrastructure.CrossCutting.Tests\Delirio.Infrastructure.CrossCutting.Tests.csproj", "{6761B322-BF3A-4B4F-95C9-BD3CC49020E7}"
EndProject
Project("{FAE04EC0-301F-11D3-BF4B-00C04F79EFBC}") = "Delirio.Modules.Application.Tests", "test\Delirio.Modules.Application.Tests\Delirio.Modules.Application.Tests.csproj", "{F8A883E2-E2EE-407B-AB5F-4C598B27B740}"
EndProject
Global
	GlobalSection(SolutionConfigurationPlatforms) = preSolution
		Debug|Any CPU = Debug|Any CPU
		Release|Any CPU = Release|Any CPU
	EndGlobalSection
	GlobalSection(ProjectConfigurationPlatforms) = postSolution
		{E83E1430-78C8-459C-B8CE-2AF02E7E7681}.Debug|Any CPU.ActiveCfg = Debug|Any CPU
		{E83E1430-78C8-459C-B8CE-2AF02E7E7681}.Debug|Any CPU.Build.0 = Debug|Any CPU
		{E83E1430-78C8-459C-B8CE-2AF02E7E7681}.Release|Any CPU.ActiveCfg = Release|Any CPU
		{E83E1430-78C8-459C-B8CE-2AF02E7E7681}.Release|Any CPU.Build.0 = Release|Any CPU
		{0BE3628B-2F38-4813-B5C0-B001A352DBC0}.Debug|Any CPU.ActiveCfg = Debug|Any CPU
		{0BE3628B-2F38-4813-B5C0-B001A352DBC0}.Debug|Any CPU.Build.0 = Debug|Any CPU
		{0BE3628B-2F38-4813-B5C0-B001A352DBC0}.Release|Any CPU.ActiveCfg = Release|Any CPU
		{0BE3628B-2F38-4813-B5C0-B001A352DBC0}.Release|Any CPU.Build.0 = Release|Any CPU
		{62C9E0F3-3A1F-4AF3-8A40-C443F4CA5418}.Debug|Any CPU.ActiveCfg = Debug|Any CPU
		{62C9E0F3-3A1F-4AF3-8A40-C443F4CA5418}.Debug|Any CPU.Build.0 = Debug|Any CPU
		{62C9E0F3-3A1F-4AF3-8A40-C443F4CA5418}.Release|Any CPU.ActiveCfg = Release|Any CPU
		{62C9E0F3-3A1F-4AF3-8A40-C443F4CA5418}.Release|Any CPU.Build.0 = Release|Any CPU
		{0819D970-A4D8-4C8F-96C3-093F22EF488C}.Debug|Any CPU.ActiveCfg = Debug|Any CPU
		{0819D970-A4D8-4C8F-96C3-093F22EF488C}.Debug|Any CPU.Build.0 = Debug|Any CPU
		{0819D970-A4D8-4C8F-96C3-093F22EF488C}.Release|Any CPU.ActiveCfg = Release|Any CPU
		{0819D970-A4D8-4C8F-96C3-093F22EF488C}.Release|Any CPU.Build.0 = Release|Any CPU
		{917B1FE1-9C25-430A-BF90-E9F1EFABCB5A}.Debug|Any CPU.ActiveCfg = Debug|Any CPU
		{917B1FE1-9C25-430A-BF90-E9F1EFABCB5A}.Debug|Any CPU.Build.0 = Debug|Any CPU
		{917B1FE1-9C25-430A-BF90-E9F1EFABCB5A}.Release|Any CPU.ActiveCfg = Release|Any CPU
		{917B1FE1-9C25-430A-BF90-E9F1EFABCB5A}.Release|Any CPU.Build.0 = Release|Any CPU
		{C4258E6B-485A-4B89-87B3-EB6F9E1CFAE7}.Debug|Any CPU.ActiveCfg = Debug|Any CPU
		{C4258E6B-485A-4B89-87B3-EB6F9E1CFAE7}.Debug|Any CPU.Build.0 = Debug|Any CPU
		{C4258E6B-485A-4B89-87B3-EB6F9E1CFAE7}.Release|Any CPU.ActiveCfg = Release|Any CPU
		{C4258E6B-485A-4B89-87B3-EB6F9E1CFAE7}.Release|Any CPU.Build.0 = Release|Any CPU
		{2645DADA-11F4-4161-9786-8A57EFFBDE0B}.Debug|Any CPU.ActiveCfg = Debug|Any CPU
		{2645DADA-11F4-4161-9786-8A57EFFBDE0B}.Debug|Any CPU.Build.0 = Debug|Any CPU
		{2645DADA-11F4-4161-9786-8A57EFFBDE0B}.Release|Any CPU.ActiveCfg = Release|Any CPU
		{2645DADA-11F4-4161-9786-8A57EFFBDE0B}.Release|Any CPU.Build.0 = Release|Any CPU
		{6761B322-BF3A-4B4F-95C9-BD3CC49020E7}.Debug|Any CPU.ActiveCfg = Debug|Any CPU
		{6761B322-BF3A-4B4F-95C9-BD3CC49020E7}.Debug|Any CPU.Build.0 = Debug|Any CPU
		{6761B322-BF3A-4B4F-95C9-BD3CC49020E7}.Release|Any CPU.ActiveCfg = Release|Any CPU
		{6761B322-BF3A-4B4F-95C9-BD3CC49020E7}.Release|Any CPU.Build.0 = Release|Any CPU
		{F8A883E2-E2EE-407B-AB5F-4C598B27B740}.Debug|Any CPU.ActiveCfg = Debug|Any CPU
		{F8A883E2-E2EE-407B-AB5F-4C598B27B740}.Debug|Any CPU.Build.0 = Debug|Any CPU
		{F8A883E2-E2EE-407B-AB5F-4C598B27B740}.Release|Any CPU.ActiveCfg = Release|Any CPU
		{F8A883E2-E2EE-407B-AB5F-4C598B27B740}.Release|Any CPU.Build.0 = Release|Any CPU
	EndGlobalSection
	GlobalSection(SolutionProperties) = preSolution
		HideSolutionNode = FALSE
	EndGlobalSection
	GlobalSection(NestedProjects) = preSolution
		{E4AED003-7D40-4738-80B0-B1BF176B1635} = {F6628CD5-76FB-42A9-8C48-13ECBDAB648B}
		{E83E1430-78C8-459C-B8CE-2AF02E7E7681} = {E4AED003-7D40-4738-80B0-B1BF176B1635}
		{0BE3628B-2F38-4813-B5C0-B001A352DBC0} = {C1A333F1-50CC-4807-9156-18A44B9C92B7}
		{EA63496D-3BAB-498A-AFF3-908D2656ADA7} = {F6628CD5-76FB-42A9-8C48-13ECBDAB648B}
		{ACEBE9B2-F439-4A23-85CE-55FE5279EADB} = {EA63496D-3BAB-498A-AFF3-908D2656ADA7}
		{62C9E0F3-3A1F-4AF3-8A40-C443F4CA5418} = {ACEBE9B2-F439-4A23-85CE-55FE5279EADB}
		{0819D970-A4D8-4C8F-96C3-093F22EF488C} = {ACEBE9B2-F439-4A23-85CE-55FE5279EADB}
		{917B1FE1-9C25-430A-BF90-E9F1EFABCB5A} = {E4AED003-7D40-4738-80B0-B1BF176B1635}
		{1940385D-FC34-45CA-928A-903CB8186DFC} = {F6628CD5-76FB-42A9-8C48-13ECBDAB648B}
		{C4258E6B-485A-4B89-87B3-EB6F9E1CFAE7} = {1940385D-FC34-45CA-928A-903CB8186DFC}
		{2645DADA-11F4-4161-9786-8A57EFFBDE0B} = {C1A333F1-50CC-4807-9156-18A44B9C92B7}
		{6761B322-BF3A-4B4F-95C9-BD3CC49020E7} = {C1A333F1-50CC-4807-9156-18A44B9C92B7}
		{F8A883E2-E2EE-407B-AB5F-4C598B27B740} = {C1A333F1-50CC-4807-9156-18A44B9C92B7}
	EndGlobalSection
	GlobalSection(ExtensibilityGlobals) = postSolution
		SolutionGuid = {165B6B82-4DF1-4ADB-9799-221BB5D37585}
	EndGlobalSection
EndGlobal
